// !$*UTF8*$!
{
	archiveVersion = 1;
	classes = {
	};
	objectVersion = 46;
	objects = {

/* Begin PBXBuildFile section */
		2EB16A691CAB181C00427945 /* InicioController.swift in Sources */ = {isa = PBXBuildFile; fileRef = 2EB16A681CAB181C00427945 /* InicioController.swift */; };
		2EB16A6B1CAB183300427945 /* SobreCRController.swift in Sources */ = {isa = PBXBuildFile; fileRef = 2EB16A6A1CAB183300427945 /* SobreCRController.swift */; };
		2EB16A6D1CAB184400427945 /* HistoricoController.swift in Sources */ = {isa = PBXBuildFile; fileRef = 2EB16A6C1CAB184400427945 /* HistoricoController.swift */; };
		2EB16A6F1CAB185E00427945 /* MeuPeriodoController.swift in Sources */ = {isa = PBXBuildFile; fileRef = 2EB16A6E1CAB185E00427945 /* MeuPeriodoController.swift */; };
		2EB16A711CAB187C00427945 /* ConfigController.swift in Sources */ = {isa = PBXBuildFile; fileRef = 2EB16A701CAB187C00427945 /* ConfigController.swift */; };
		C9F5F5701CA5CF3B00B27FFD /* AppDelegate.swift in Sources */ = {isa = PBXBuildFile; fileRef = C9F5F56F1CA5CF3B00B27FFD /* AppDelegate.swift */; };
		C9F5F5721CA5CF3B00B27FFD /* ViewController.swift in Sources */ = {isa = PBXBuildFile; fileRef = C9F5F5711CA5CF3B00B27FFD /* ViewController.swift */; };
		C9F5F5751CA5CF3C00B27FFD /* Main.storyboard in Resources */ = {isa = PBXBuildFile; fileRef = C9F5F5731CA5CF3B00B27FFD /* Main.storyboard */; };
		C9F5F5771CA5CF3C00B27FFD /* Assets.xcassets in Resources */ = {isa = PBXBuildFile; fileRef = C9F5F5761CA5CF3C00B27FFD /* Assets.xcassets */; };
		C9F5F57A1CA5CF3C00B27FFD /* LaunchScreen.storyboard in Resources */ = {isa = PBXBuildFile; fileRef = C9F5F5781CA5CF3C00B27FFD /* LaunchScreen.storyboard */; };
		C9F5F5821CA5D9CA00B27FFD /* AlunoClass.swift in Sources */ = {isa = PBXBuildFile; fileRef = C9F5F5811CA5D9CA00B27FFD /* AlunoClass.swift */; };
		C9F5F5861CA6458B00B27FFD /* DisciplinaClass.swift in Sources */ = {isa = PBXBuildFile; fileRef = C9F5F5851CA6458B00B27FFD /* DisciplinaClass.swift */; };
		C9F5F5881CA646DE00B27FFD /* CriterioClass.swift in Sources */ = {isa = PBXBuildFile; fileRef = C9F5F5871CA646DE00B27FFD /* CriterioClass.swift */; };
		C9F5F58A1CA6485500B27FFD /* CursarClass.swift in Sources */ = {isa = PBXBuildFile; fileRef = C9F5F5891CA6485500B27FFD /* CursarClass.swift */; };
/* End PBXBuildFile section */

/* Begin PBXFileReference section */
		2EB16A681CAB181C00427945 /* InicioController.swift */ = {isa = PBXFileReference; fileEncoding = 4; lastKnownFileType = sourcecode.swift; path = InicioController.swift; sourceTree = "<group>"; };
		2EB16A6A1CAB183300427945 /* SobreCRController.swift */ = {isa = PBXFileReference; fileEncoding = 4; lastKnownFileType = sourcecode.swift; path = SobreCRController.swift; sourceTree = "<group>"; };
		2EB16A6C1CAB184400427945 /* HistoricoController.swift */ = {isa = PBXFileReference; fileEncoding = 4; lastKnownFileType = sourcecode.swift; path = HistoricoController.swift; sourceTree = "<group>"; };
		2EB16A6E1CAB185E00427945 /* MeuPeriodoController.swift */ = {isa = PBXFileReference; fileEncoding = 4; lastKnownFileType = sourcecode.swift; path = MeuPeriodoController.swift; sourceTree = "<group>"; };
		2EB16A701CAB187C00427945 /* ConfigController.swift */ = {isa = PBXFileReference; fileEncoding = 4; lastKnownFileType = sourcecode.swift; path = ConfigController.swift; sourceTree = "<group>"; };
		C913205B1CAB1E4D0024D9F6 /* TestingGround.playground */ = {isa = PBXFileReference; lastKnownFileType = file.playground; path = TestingGround.playground; sourceTree = "<group>"; };
		C9F5F56C1CA5CF3B00B27FFD /* ProjetoCR.app */ = {isa = PBXFileReference; explicitFileType = wrapper.application; includeInIndex = 0; path = ProjetoCR.app; sourceTree = BUILT_PRODUCTS_DIR; };
		C9F5F56F1CA5CF3B00B27FFD /* AppDelegate.swift */ = {isa = PBXFileReference; lastKnownFileType = sourcecode.swift; path = AppDelegate.swift; sourceTree = "<group>"; };
		C9F5F5711CA5CF3B00B27FFD /* ViewController.swift */ = {isa = PBXFileReference; lastKnownFileType = sourcecode.swift; path = ViewController.swift; sourceTree = "<group>"; };
		C9F5F5741CA5CF3B00B27FFD /* Base */ = {isa = PBXFileReference; lastKnownFileType = file.storyboard; name = Base; path = Base.lproj/Main.storyboard; sourceTree = "<group>"; };
		C9F5F5761CA5CF3C00B27FFD /* Assets.xcassets */ = {isa = PBXFileReference; lastKnownFileType = folder.assetcatalog; path = Assets.xcassets; sourceTree = "<group>"; };
		C9F5F5791CA5CF3C00B27FFD /* Base */ = {isa = PBXFileReference; lastKnownFileType = file.storyboard; name = Base; path = Base.lproj/LaunchScreen.storyboard; sourceTree = "<group>"; };
		C9F5F57B1CA5CF3C00B27FFD /* Info.plist */ = {isa = PBXFileReference; lastKnownFileType = text.plist.xml; path = Info.plist; sourceTree = "<group>"; };
		C9F5F5811CA5D9CA00B27FFD /* AlunoClass.swift */ = {isa = PBXFileReference; fileEncoding = 4; lastKnownFileType = sourcecode.swift; path = AlunoClass.swift; sourceTree = "<group>"; };
		C9F5F5851CA6458B00B27FFD /* DisciplinaClass.swift */ = {isa = PBXFileReference; fileEncoding = 4; lastKnownFileType = sourcecode.swift; path = DisciplinaClass.swift; sourceTree = "<group>"; };
		C9F5F5871CA646DE00B27FFD /* CriterioClass.swift */ = {isa = PBXFileReference; fileEncoding = 4; lastKnownFileType = sourcecode.swift; path = CriterioClass.swift; sourceTree = "<group>"; };
		C9F5F5891CA6485500B27FFD /* CursarClass.swift */ = {isa = PBXFileReference; fileEncoding = 4; lastKnownFileType = sourcecode.swift; path = CursarClass.swift; sourceTree = "<group>"; };
/* End PBXFileReference section */

/* Begin PBXFrameworksBuildPhase section */
		C9F5F5691CA5CF3B00B27FFD /* Frameworks */ = {
			isa = PBXFrameworksBuildPhase;
			buildActionMask = 2147483647;
			files = (
			);
			runOnlyForDeploymentPostprocessing = 0;
		};
/* End PBXFrameworksBuildPhase section */

/* Begin PBXGroup section */
		2EB16A721CAB196500427945 /* Controller */ = {
			isa = PBXGroup;
			children = (
				2EB16A6C1CAB184400427945 /* HistoricoController.swift */,
				2EB16A6E1CAB185E00427945 /* MeuPeriodoController.swift */,
				2EB16A681CAB181C00427945 /* InicioController.swift */,
				2EB16A6A1CAB183300427945 /* SobreCRController.swift */,
				2EB16A701CAB187C00427945 /* ConfigController.swift */,
			);
			name = Controller;
			sourceTree = "<group>";
		};
		C913205A1CAB1DF60024D9F6 /* Model */ = {
			isa = PBXGroup;
			children = (
				C9F5F5811CA5D9CA00B27FFD /* AlunoClass.swift */,
				C9F5F5851CA6458B00B27FFD /* DisciplinaClass.swift */,
				C9F5F5871CA646DE00B27FFD /* CriterioClass.swift */,
				C9F5F5891CA6485500B27FFD /* CursarClass.swift */,
			);
			name = Model;
			sourceTree = "<group>";
		};
		C9F5F5631CA5CF3B00B27FFD = {
			isa = PBXGroup;
			children = (
				C9F5F56E1CA5CF3B00B27FFD /* ProjetoCR */,
				C9F5F56D1CA5CF3B00B27FFD /* Products */,
			);
			sourceTree = "<group>";
		};
		C9F5F56D1CA5CF3B00B27FFD /* Products */ = {
			isa = PBXGroup;
			children = (
				C9F5F56C1CA5CF3B00B27FFD /* ProjetoCR.app */,
			);
			name = Products;
			sourceTree = "<group>";
		};
		C9F5F56E1CA5CF3B00B27FFD /* ProjetoCR */ = {
			isa = PBXGroup;
			children = (
				C9F5F56F1CA5CF3B00B27FFD /* AppDelegate.swift */,
				C9F5F5711CA5CF3B00B27FFD /* ViewController.swift */,
				C9F5F5731CA5CF3B00B27FFD /* Main.storyboard */,
				C9F5F5761CA5CF3C00B27FFD /* Assets.xcassets */,
				C9F5F5781CA5CF3C00B27FFD /* LaunchScreen.storyboard */,
				C9F5F57B1CA5CF3C00B27FFD /* Info.plist */,
				C913205A1CAB1DF60024D9F6 /* Model */,
				2EB16A721CAB196500427945 /* Controller */,
				C913205B1CAB1E4D0024D9F6 /* TestingGround.playground */,
			);
			path = ProjetoCR;
			sourceTree = "<group>";
		};
/* End PBXGroup section */

/* Begin PBXNativeTarget section */
		C9F5F56B1CA5CF3B00B27FFD /* ProjetoCR */ = {
			isa = PBXNativeTarget;
			buildConfigurationList = C9F5F57E1CA5CF3C00B27FFD /* Build configuration list for PBXNativeTarget "ProjetoCR" */;
			buildPhases = (
				C9F5F5681CA5CF3B00B27FFD /* Sources */,
				C9F5F5691CA5CF3B00B27FFD /* Frameworks */,
				C9F5F56A1CA5CF3B00B27FFD /* Resources */,
			);
			buildRules = (
			);
			dependencies = (
			);
			name = ProjetoCR;
			productName = ProjetoCR;
			productReference = C9F5F56C1CA5CF3B00B27FFD /* ProjetoCR.app */;
			productType = "com.apple.product-type.application";
		};
/* End PBXNativeTarget section */

/* Begin PBXProject section */
		C9F5F5641CA5CF3B00B27FFD /* Project object */ = {
			isa = PBXProject;
			attributes = {
				LastSwiftUpdateCheck = 0720;
				LastUpgradeCheck = 0720;
				ORGANIZATIONNAME = "João Gabriel Jardim";
				TargetAttributes = {
					C9F5F56B1CA5CF3B00B27FFD = {
						CreatedOnToolsVersion = 7.2.1;
					};
				};
			};
			buildConfigurationList = C9F5F5671CA5CF3B00B27FFD /* Build configuration list for PBXProject "ProjetoCR" */;
			compatibilityVersion = "Xcode 3.2";
			developmentRegion = English;
			hasScannedForEncodings = 0;
			knownRegions = (
				en,
				Base,
			);
			mainGroup = C9F5F5631CA5CF3B00B27FFD;
			productRefGroup = C9F5F56D1CA5CF3B00B27FFD /* Products */;
			projectDirPath = "";
			projectRoot = "";
			targets = (
				C9F5F56B1CA5CF3B00B27FFD /* ProjetoCR */,
			);
		};
/* End PBXProject section */

/* Begin PBXResourcesBuildPhase section */
		C9F5F56A1CA5CF3B00B27FFD /* Resources */ = {
			isa = PBXResourcesBuildPhase;
			buildActionMask = 2147483647;
			files = (
				C9F5F57A1CA5CF3C00B27FFD /* LaunchScreen.storyboard in Resources */,
				C9F5F5771CA5CF3C00B27FFD /* Assets.xcassets in Resources */,
				C9F5F5751CA5CF3C00B27FFD /* Main.storyboard in Resources */,
			);
			runOnlyForDeploymentPostprocessing = 0;
		};
/* End PBXResourcesBuildPhase section */

/* Begin PBXSourcesBuildPhase section */
		C9F5F5681CA5CF3B00B27FFD /* Sources */ = {
			isa = PBXSourcesBuildPhase;
			buildActionMask = 2147483647;
			files = (
				C9F5F58A1CA6485500B27FFD /* CursarClass.swift in Sources */,
				C9F5F5721CA5CF3B00B27FFD /* ViewController.swift in Sources */,
				2EB16A691CAB181C00427945 /* InicioController.swift in Sources */,
				C9F5F5821CA5D9CA00B27FFD /* AlunoClass.swift in Sources */,
				2EB16A6D1CAB184400427945 /* HistoricoController.swift in Sources */,
				2EB16A711CAB187C00427945 /* ConfigController.swift in Sources */,
				2EB16A6F1CAB185E00427945 /* MeuPeriodoController.swift in Sources */,
				C9F5F5881CA646DE00B27FFD /* CriterioClass.swift in Sources */,
				C9F5F5861CA6458B00B27FFD /* DisciplinaClass.swift in Sources */,
				2EB16A6B1CAB183300427945 /* SobreCRController.swift in Sources */,
				C9F5F5701CA5CF3B00B27FFD /* AppDelegate.swift in Sources */,
			);
			runOnlyForDeploymentPostprocessing = 0;
		};
/* End PBXSourcesBuildPhase section */

/* Begin PBXVariantGroup section */
		C9F5F5731CA5CF3B00B27FFD /* Main.storyboard */ = {
			isa = PBXVariantGroup;
			children = (
				C9F5F5741CA5CF3B00B27FFD /* Base */,
			);
			name = Main.storyboard;
			sourceTree = "<group>";
		};
		C9F5F5781CA5CF3C00B27FFD /* LaunchScreen.storyboard */ = {
			isa = PBXVariantGroup;
			children = (
				C9F5F5791CA5CF3C00B27FFD /* Base */,
			);
			name = LaunchScreen.storyboard;
			sourceTree = "<group>";
		};
/* End PBXVariantGroup section */

/* Begin XCBuildConfiguration section */
		C9F5F57C1CA5CF3C00B27FFD /* Debug */ = {
			isa = XCBuildConfiguration;
			buildSettings = {
				ALWAYS_SEARCH_USER_PATHS = NO;
				CLANG_CXX_LANGUAGE_STANDARD = "gnu++0x";
				CLANG_CXX_LIBRARY = "libc++";
				CLANG_ENABLE_MODULES = YES;
				CLANG_ENABLE_OBJC_ARC = YES;
				CLANG_WARN_BOOL_CONVERSION = YES;
				CLANG_WARN_CONSTANT_CONVERSION = YES;
				CLANG_WARN_DIRECT_OBJC_ISA_USAGE = YES_ERROR;
				CLANG_WARN_EMPTY_BODY = YES;
				CLANG_WARN_ENUM_CONVERSION = YES;
				CLANG_WARN_INT_CONVERSION = YES;
				CLANG_WARN_OBJC_ROOT_CLASS = YES_ERROR;
				CLANG_WARN_UNREACHABLE_CODE = YES;
				CLANG_WARN__DUPLICATE_METHOD_MATCH = YES;
				"CODE_SIGN_IDENTITY[sdk=iphoneos*]" = "iPhone Developer";
				COPY_PHASE_STRIP = NO;
				DEBUG_INFORMATION_FORMAT = dwarf;
				ENABLE_STRICT_OBJC_MSGSEND = YES;
				ENABLE_TESTABILITY = YES;
				GCC_C_LANGUAGE_STANDARD = gnu99;
				GCC_DYNAMIC_NO_PIC = NO;
				GCC_NO_COMMON_BLOCKS = YES;
				GCC_OPTIMIZATION_LEVEL = 0;
				GCC_PREPROCESSOR_DEFINITIONS = (
					"DEBUG=1",
					"$(inherited)",
				);
				GCC_WARN_64_TO_32_BIT_CONVERSION = YES;
				GCC_WARN_ABOUT_RETURN_TYPE = YES_ERROR;
				GCC_WARN_UNDECLARED_SELECTOR = YES;
				GCC_WARN_UNINITIALIZED_AUTOS = YES_AGGRESSIVE;
				GCC_WARN_UNUSED_FUNCTION = YES;
				GCC_WARN_UNUSED_VARIABLE = YES;
				IPHONEOS_DEPLOYMENT_TARGET = 9.2;
				MTL_ENABLE_DEBUG_INFO = YES;
				ONLY_ACTIVE_ARCH = YES;
				SDKROOT = iphoneos;
				SWIFT_OPTIMIZATION_LEVEL = "-Onone";
				TARGETED_DEVICE_FAMILY = "1,2";
			};
			name = Debug;
		};
		C9F5F57D1CA5CF3C00B27FFD /* Release */ = {
			isa = XCBuildConfiguration;
			buildSettings = {
				ALWAYS_SEARCH_USER_PATHS = NO;
				CLANG_CXX_LANGUAGE_STANDARD = "gnu++0x";
				CLANG_CXX_LIBRARY = "libc++";
				CLANG_ENABLE_MODULES = YES;
				CLANG_ENABLE_OBJC_ARC = YES;
				CLANG_WARN_BOOL_CONVERSION = YES;
				CLANG_WARN_CONSTANT_CONVERSION = YES;
				CLANG_WARN_DIRECT_OBJC_ISA_USAGE = YES_ERROR;
				CLANG_WARN_EMPTY_BODY = YES;
				CLANG_WARN_ENUM_CONVERSION = YES;
				CLANG_WARN_INT_CONVERSION = YES;
				CLANG_WARN_OBJC_ROOT_CLASS = YES_ERROR;
				CLANG_WARN_UNREACHABLE_CODE = YES;
				CLANG_WARN__DUPLICATE_METHOD_MATCH = YES;
				"CODE_SIGN_IDENTITY[sdk=iphoneos*]" = "iPhone Developer";
				COPY_PHASE_STRIP = NO;
				DEBUG_INFORMATION_FORMAT = "dwarf-with-dsym";
				ENABLE_NS_ASSERTIONS = NO;
				ENABLE_STRICT_OBJC_MSGSEND = YES;
				GCC_C_LANGUAGE_STANDARD = gnu99;
				GCC_NO_COMMON_BLOCKS = YES;
				GCC_WARN_64_TO_32_BIT_CONVERSION = YES;
				GCC_WARN_ABOUT_RETURN_TYPE = YES_ERROR;
				GCC_WARN_UNDECLARED_SELECTOR = YES;
				GCC_WARN_UNINITIALIZED_AUTOS = YES_AGGRESSIVE;
				GCC_WARN_UNUSED_FUNCTION = YES;
				GCC_WARN_UNUSED_VARIABLE = YES;
				IPHONEOS_DEPLOYMENT_TARGET = 9.2;
				MTL_ENABLE_DEBUG_INFO = NO;
				SDKROOT = iphoneos;
				TARGETED_DEVICE_FAMILY = "1,2";
				VALIDATE_PRODUCT = YES;
			};
			name = Release;
		};
		C9F5F57F1CA5CF3C00B27FFD /* Debug */ = {
			isa = XCBuildConfiguration;
			buildSettings = {
				ASSETCATALOG_COMPILER_APPICON_NAME = AppIcon;
				INFOPLIST_FILE = ProjetoCR/Info.plist;
				LD_RUNPATH_SEARCH_PATHS = "$(inherited) @executable_path/Frameworks";
				PRODUCT_BUNDLE_IDENTIFIER = JG.ProjetoCR;
				PRODUCT_NAME = "$(TARGET_NAME)";
			};
			name = Debug;
		};
		C9F5F5801CA5CF3C00B27FFD /* Release */ = {
			isa = XCBuildConfiguration;
			buildSettings = {
				ASSETCATALOG_COMPILER_APPICON_NAME = AppIcon;
				INFOPLIST_FILE = ProjetoCR/Info.plist;
				LD_RUNPATH_SEARCH_PATHS = "$(inherited) @executable_path/Frameworks";
				PRODUCT_BUNDLE_IDENTIFIER = JG.ProjetoCR;
				PRODUCT_NAME = "$(TARGET_NAME)";
			};
			name = Release;
		};
/* End XCBuildConfiguration section */

/* Begin XCConfigurationList section */
		C9F5F5671CA5CF3B00B27FFD /* Build configuration list for PBXProject "ProjetoCR" */ = {
			isa = XCConfigurationList;
			buildConfigurations = (
				C9F5F57C1CA5CF3C00B27FFD /* Debug */,
				C9F5F57D1CA5CF3C00B27FFD /* Release */,
			);
			defaultConfigurationIsVisible = 0;
			defaultConfigurationName = Release;
		};
		C9F5F57E1CA5CF3C00B27FFD /* Build configuration list for PBXNativeTarget "ProjetoCR" */ = {
			isa = XCConfigurationList;
			buildConfigurations = (
				C9F5F57F1CA5CF3C00B27FFD /* Debug */,
				C9F5F5801CA5CF3C00B27FFD /* Release */,
			);
			defaultConfigurationIsVisible = 0;
			defaultConfigurationName = Release;
		};
/* End XCConfigurationList section */
	};
	rootObject = C9F5F5641CA5CF3B00B27FFD /* Project object */;
}
